
Microsoft Visual Studio Solution File, Format Version 12.00
# Visual Studio 15
VisualStudioVersion = 15.0.27703.2026
MinimumVisualStudioVersion = 10.0.40219.1
Project("{FAE04EC0-301F-11D3-BF4B-00C04F79EFBC}") = "AccountManager", "Zaliczenie\AccountManager.csproj", "{4ECB8450-AEF4-421F-A280-8252522EAA41}"
EndProject
Project("{FAE04EC0-301F-11D3-BF4B-00C04F79EFBC}") = "AccountManagerTests", "AccountManagerTests\AccountManagerTests.csproj", "{0806A6FB-B146-4E6F-8E94-DBAF2C7E9382}"
EndProject
Global
	GlobalSection(SolutionConfigurationPlatforms) = preSolution
		Debug|Any CPU = Debug|Any CPU
		Release|Any CPU = Release|Any CPU
	EndGlobalSection
	GlobalSection(ProjectConfigurationPlatforms) = postSolution
		{4ECB8450-AEF4-421F-A280-8252522EAA41}.Debug|Any CPU.ActiveCfg = Debug|Any CPU
		{4ECB8450-AEF4-421F-A280-8252522EAA41}.Debug|Any CPU.Build.0 = Debug|Any CPU
		{4ECB8450-AEF4-421F-A280-8252522EAA41}.Release|Any CPU.ActiveCfg = Release|Any CPU
		{4ECB8450-AEF4-421F-A280-8252522EAA41}.Release|Any CPU.Build.0 = Release|Any CPU
		{0806A6FB-B146-4E6F-8E94-DBAF2C7E9382}.Debug|Any CPU.ActiveCfg = Debug|Any CPU
		{0806A6FB-B146-4E6F-8E94-DBAF2C7E9382}.Debug|Any CPU.Build.0 = Debug|Any CPU
		{0806A6FB-B146-4E6F-8E94-DBAF2C7E9382}.Release|Any CPU.ActiveCfg = Release|Any CPU
		{0806A6FB-B146-4E6F-8E94-DBAF2C7E9382}.Release|Any CPU.Build.0 = Release|Any CPU
	EndGlobalSection
	GlobalSection(SolutionProperties) = preSolution
		HideSolutionNode = FALSE
	EndGlobalSection
	GlobalSection(ExtensibilityGlobals) = postSolution
		SolutionGuid = {03ABB1EB-C6D8-4D77-9D18-BE8DA898A07F}
	EndGlobalSection
EndGlobal
